
Microsoft Visual Studio Solution File, Format Version 12.00
# Visual Studio 15
VisualStudioVersion = 15.0.27703.2000
MinimumVisualStudioVersion = 10.0.40219.1
Project("{FAE04EC0-301F-11D3-BF4B-00C04F79EFBC}") = "KopiLua", "KopiLua\KopiLua.csproj", "{E8DDBC21-EF74-4ABA-9C49-BFC702BE25D8}"
EndProject
Project("{FAE04EC0-301F-11D3-BF4B-00C04F79EFBC}") = "Lua", "Lua\Lua.csproj", "{1F39043F-11B4-4202-9B0A-6606FA7BB355}"
	ProjectSection(ProjectDependencies) = postProject
		{E8DDBC21-EF74-4ABA-9C49-BFC702BE25D8} = {E8DDBC21-EF74-4ABA-9C49-BFC702BE25D8}
	EndProjectSection
EndProject
Project("{FAE04EC0-301F-11D3-BF4B-00C04F79EFBC}") = "Luac", "Luac\Luac.csproj", "{6962DD1F-A32D-4827-B5C5-DB1742CB4D48}"
	ProjectSection(ProjectDependencies) = postProject
		{1F39043F-11B4-4202-9B0A-6606FA7BB355} = {1F39043F-11B4-4202-9B0A-6606FA7BB355}
	EndProjectSection
EndProject
Project("{2150E333-8FDC-42A3-9474-1A3956D46DE8}") = "Examples", "Examples", "{643C03EB-7992-4EFE-ABC2-66B2AAD41A70}"
EndProject
Project("{FAE04EC0-301F-11D3-BF4B-00C04F79EFBC}") = "Example1", "Examples\Example1\Example1.csproj", "{41EA3C58-3D7C-4944-AA4F-B6BEB6A822A0}"
EndProject
Project("{FAE04EC0-301F-11D3-BF4B-00C04F79EFBC}") = "Example2", "Examples\Example2\Example2.csproj", "{5EF827AB-3183-465E-A50C-E0BFA40625CD}"
EndProject
Project("{FAE04EC0-301F-11D3-BF4B-00C04F79EFBC}") = "Example3", "Examples\Example3\Example3.csproj", "{B33EFF72-C838-45B8-90BB-32D49CA0D536}"
EndProject
Global
	GlobalSection(SolutionConfigurationPlatforms) = preSolution
		Debug|Any CPU = Debug|Any CPU
		Release|Any CPU = Release|Any CPU
	EndGlobalSection
	GlobalSection(ProjectConfigurationPlatforms) = postSolution
		{E8DDBC21-EF74-4ABA-9C49-BFC702BE25D8}.Debug|Any CPU.ActiveCfg = Debug|Any CPU
		{E8DDBC21-EF74-4ABA-9C49-BFC702BE25D8}.Debug|Any CPU.Build.0 = Debug|Any CPU
		{E8DDBC21-EF74-4ABA-9C49-BFC702BE25D8}.Release|Any CPU.ActiveCfg = Release|Any CPU
		{E8DDBC21-EF74-4ABA-9C49-BFC702BE25D8}.Release|Any CPU.Build.0 = Release|Any CPU
		{1F39043F-11B4-4202-9B0A-6606FA7BB355}.Debug|Any CPU.ActiveCfg = Debug|Any CPU
		{1F39043F-11B4-4202-9B0A-6606FA7BB355}.Debug|Any CPU.Build.0 = Debug|Any CPU
		{1F39043F-11B4-4202-9B0A-6606FA7BB355}.Release|Any CPU.ActiveCfg = Release|Any CPU
		{1F39043F-11B4-4202-9B0A-6606FA7BB355}.Release|Any CPU.Build.0 = Release|Any CPU
		{6962DD1F-A32D-4827-B5C5-DB1742CB4D48}.Debug|Any CPU.ActiveCfg = Debug|Any CPU
		{6962DD1F-A32D-4827-B5C5-DB1742CB4D48}.Debug|Any CPU.Build.0 = Debug|Any CPU
		{6962DD1F-A32D-4827-B5C5-DB1742CB4D48}.Release|Any CPU.ActiveCfg = Release|Any CPU
		{6962DD1F-A32D-4827-B5C5-DB1742CB4D48}.Release|Any CPU.Build.0 = Release|Any CPU
		{41EA3C58-3D7C-4944-AA4F-B6BEB6A822A0}.Debug|Any CPU.ActiveCfg = Debug|Any CPU
		{41EA3C58-3D7C-4944-AA4F-B6BEB6A822A0}.Debug|Any CPU.Build.0 = Debug|Any CPU
		{41EA3C58-3D7C-4944-AA4F-B6BEB6A822A0}.Release|Any CPU.ActiveCfg = Release|Any CPU
		{41EA3C58-3D7C-4944-AA4F-B6BEB6A822A0}.Release|Any CPU.Build.0 = Release|Any CPU
		{5EF827AB-3183-465E-A50C-E0BFA40625CD}.Debug|Any CPU.ActiveCfg = Debug|Any CPU
		{5EF827AB-3183-465E-A50C-E0BFA40625CD}.Debug|Any CPU.Build.0 = Debug|Any CPU
		{5EF827AB-3183-465E-A50C-E0BFA40625CD}.Release|Any CPU.ActiveCfg = Release|Any CPU
		{5EF827AB-3183-465E-A50C-E0BFA40625CD}.Release|Any CPU.Build.0 = Release|Any CPU
		{B33EFF72-C838-45B8-90BB-32D49CA0D536}.Debug|Any CPU.ActiveCfg = Debug|Any CPU
		{B33EFF72-C838-45B8-90BB-32D49CA0D536}.Debug|Any CPU.Build.0 = Debug|Any CPU
		{B33EFF72-C838-45B8-90BB-32D49CA0D536}.Release|Any CPU.ActiveCfg = Release|Any CPU
		{B33EFF72-C838-45B8-90BB-32D49CA0D536}.Release|Any CPU.Build.0 = Release|Any CPU
	EndGlobalSection
	GlobalSection(SolutionProperties) = preSolution
		HideSolutionNode = FALSE
	EndGlobalSection
	GlobalSection(NestedProjects) = preSolution
		{41EA3C58-3D7C-4944-AA4F-B6BEB6A822A0} = {643C03EB-7992-4EFE-ABC2-66B2AAD41A70}
		{5EF827AB-3183-465E-A50C-E0BFA40625CD} = {643C03EB-7992-4EFE-ABC2-66B2AAD41A70}
		{B33EFF72-C838-45B8-90BB-32D49CA0D536} = {643C03EB-7992-4EFE-ABC2-66B2AAD41A70}
	EndGlobalSection
	GlobalSection(ExtensibilityGlobals) = postSolution
		SolutionGuid = {4AB72169-799B-4C64-A62C-715571EBF8C4}
	EndGlobalSection
EndGlobal
